// !$*UTF8*$!
{
	archiveVersion = 1;
	classes = {
	};
	objectVersion = 46;
	objects = {

/* Begin PBXBuildFile section */
		063190BB1ACCEB85002B5EAF /* H264HwEncoderImpl.m in Sources */ = {isa = PBXBuildFile; fileRef = 063190BA1ACCEB85002B5EAF /* H264HwEncoderImpl.m */; };
		06ADA19B1ACCEB0B00106FA9 /* main.m in Sources */ = {isa = PBXBuildFile; fileRef = 06ADA19A1ACCEB0B00106FA9 /* main.m */; };
		06ADA19E1ACCEB0B00106FA9 /* AppDelegate.m in Sources */ = {isa = PBXBuildFile; fileRef = 06ADA19D1ACCEB0B00106FA9 /* AppDelegate.m */; };
		06ADA1A11ACCEB0B00106FA9 /* ViewController.m in Sources */ = {isa = PBXBuildFile; fileRef = 06ADA1A01ACCEB0B00106FA9 /* ViewController.m */; };
		06ADA1A41ACCEB0B00106FA9 /* Main.storyboard in Resources */ = {isa = PBXBuildFile; fileRef = 06ADA1A21ACCEB0B00106FA9 /* Main.storyboard */; };
		06ADA1A61ACCEB0B00106FA9 /* Images.xcassets in Resources */ = {isa = PBXBuildFile; fileRef = 06ADA1A51ACCEB0B00106FA9 /* Images.xcassets */; };
		06ADA1A91ACCEB0B00106FA9 /* LaunchScreen.xib in Resources */ = {isa = PBXBuildFile; fileRef = 06ADA1A71ACCEB0B00106FA9 /* LaunchScreen.xib */; };
		06ADA1B51ACCEB0B00106FA9 /* VTToolboxTests.m in Sources */ = {isa = PBXBuildFile; fileRef = 06ADA1B41ACCEB0B00106FA9 /* VTToolboxTests.m */; };
/* End PBXBuildFile section */

/* Begin PBXContainerItemProxy section */
		06ADA1AF1ACCEB0B00106FA9 /* PBXContainerItemProxy */ = {
			isa = PBXContainerItemProxy;
			containerPortal = 06ADA18D1ACCEB0B00106FA9 /* Project object */;
			proxyType = 1;
			remoteGlobalIDString = 06ADA1941ACCEB0B00106FA9;
			remoteInfo = VTToolbox;
		};
/* End PBXContainerItemProxy section */

/* Begin PBXFileReference section */
		063190B91ACCEB85002B5EAF /* H264HwEncoderImpl.h */ = {isa = PBXFileReference; fileEncoding = 4; lastKnownFileType = sourcecode.c.h; path = H264HwEncoderImpl.h; sourceTree = "<group>"; };
		063190BA1ACCEB85002B5EAF /* H264HwEncoderImpl.m */ = {isa = PBXFileReference; fileEncoding = 4; lastKnownFileType = sourcecode.c.objc; path = H264HwEncoderImpl.m; sourceTree = "<group>"; };
		06ADA1951ACCEB0B00106FA9 /* VTToolbox.app */ = {isa = PBXFileReference; explicitFileType = wrapper.application; includeInIndex = 0; path = VTToolbox.app; sourceTree = BUILT_PRODUCTS_DIR; };
		06ADA1991ACCEB0B00106FA9 /* Info.plist */ = {isa = PBXFileReference; lastKnownFileType = text.plist.xml; path = Info.plist; sourceTree = "<group>"; };
		06ADA19A1ACCEB0B00106FA9 /* main.m */ = {isa = PBXFileReference; lastKnownFileType = sourcecode.c.objc; path = main.m; sourceTree = "<group>"; };
		06ADA19C1ACCEB0B00106FA9 /* AppDelegate.h */ = {isa = PBXFileReference; lastKnownFileType = sourcecode.c.h; path = AppDelegate.h; sourceTree = "<group>"; };
		06ADA19D1ACCEB0B00106FA9 /* AppDelegate.m */ = {isa = PBXFileReference; lastKnownFileType = sourcecode.c.objc; path = AppDelegate.m; sourceTree = "<group>"; };
		06ADA19F1ACCEB0B00106FA9 /* ViewController.h */ = {isa = PBXFileReference; lastKnownFileType = sourcecode.c.h; path = ViewController.h; sourceTree = "<group>"; };
		06ADA1A01ACCEB0B00106FA9 /* ViewController.m */ = {isa = PBXFileReference; lastKnownFileType = sourcecode.c.objc; path = ViewController.m; sourceTree = "<group>"; };
		06ADA1A31ACCEB0B00106FA9 /* Base */ = {isa = PBXFileReference; lastKnownFileType = file.storyboard; name = Base; path = Base.lproj/Main.storyboard; sourceTree = "<group>"; };
		06ADA1A51ACCEB0B00106FA9 /* Images.xcassets */ = {isa = PBXFileReference; lastKnownFileType = folder.assetcatalog; path = Images.xcassets; sourceTree = "<group>"; };
		06ADA1A81ACCEB0B00106FA9 /* Base */ = {isa = PBXFileReference; lastKnownFileType = file.xib; name = Base; path = Base.lproj/LaunchScreen.xib; sourceTree = "<group>"; };
		06ADA1AE1ACCEB0B00106FA9 /* VTToolboxTests.xctest */ = {isa = PBXFileReference; explicitFileType = wrapper.cfbundle; includeInIndex = 0; path = VTToolboxTests.xctest; sourceTree = BUILT_PRODUCTS_DIR; };
		06ADA1B31ACCEB0B00106FA9 /* Info.plist */ = {isa = PBXFileReference; lastKnownFileType = text.plist.xml; path = Info.plist; sourceTree = "<group>"; };
		06ADA1B41ACCEB0B00106FA9 /* VTToolboxTests.m */ = {isa = PBXFileReference; lastKnownFileType = sourcecode.c.objc; path = VTToolboxTests.m; sourceTree = "<group>"; };
/* End PBXFileReference section */

/* Begin PBXFrameworksBuildPhase section */
		06ADA1921ACCEB0B00106FA9 /* Frameworks */ = {
			isa = PBXFrameworksBuildPhase;
			buildActionMask = 2147483647;
			files = (
			);
			runOnlyForDeploymentPostprocessing = 0;
		};
		06ADA1AB1ACCEB0B00106FA9 /* Frameworks */ = {
			isa = PBXFrameworksBuildPhase;
			buildActionMask = 2147483647;
			files = (
			);
			runOnlyForDeploymentPostprocessing = 0;
		};
/* End PBXFrameworksBuildPhase section */

/* Begin PBXGroup section */
		06ADA18C1ACCEB0B00106FA9 = {
			isa = PBXGroup;
			children = (
				06ADA1971ACCEB0B00106FA9 /* VTToolbox */,
				06ADA1B11ACCEB0B00106FA9 /* VTToolboxTests */,
				06ADA1961ACCEB0B00106FA9 /* Products */,
			);
			sourceTree = "<group>";
		};
		06ADA1961ACCEB0B00106FA9 /* Products */ = {
			isa = PBXGroup;
			children = (
				06ADA1951ACCEB0B00106FA9 /* VTToolbox.app */,
				06ADA1AE1ACCEB0B00106FA9 /* VTToolboxTests.xctest */,
			);
			name = Products;
			sourceTree = "<group>";
		};
		06ADA1971ACCEB0B00106FA9 /* VTToolbox */ = {
			isa = PBXGroup;
			children = (
				063190B91ACCEB85002B5EAF /* H264HwEncoderImpl.h */,
				063190BA1ACCEB85002B5EAF /* H264HwEncoderImpl.m */,
				06ADA19C1ACCEB0B00106FA9 /* AppDelegate.h */,
				06ADA19D1ACCEB0B00106FA9 /* AppDelegate.m */,
				06ADA19F1ACCEB0B00106FA9 /* ViewController.h */,
				06ADA1A01ACCEB0B00106FA9 /* ViewController.m */,
				06ADA1A21ACCEB0B00106FA9 /* Main.storyboard */,
				06ADA1A51ACCEB0B00106FA9 /* Images.xcassets */,
				06ADA1A71ACCEB0B00106FA9 /* LaunchScreen.xib */,
				06ADA1981ACCEB0B00106FA9 /* Supporting Files */,
			);
			path = VTToolbox;
			sourceTree = "<group>";
		};
		06ADA1981ACCEB0B00106FA9 /* Supporting Files */ = {
			isa = PBXGroup;
			children = (
				06ADA1991ACCEB0B00106FA9 /* Info.plist */,
				06ADA19A1ACCEB0B00106FA9 /* main.m */,
			);
			name = "Supporting Files";
			sourceTree = "<group>";
		};
		06ADA1B11ACCEB0B00106FA9 /* VTToolboxTests */ = {
			isa = PBXGroup;
			children = (
				06ADA1B41ACCEB0B00106FA9 /* VTToolboxTests.m */,
				06ADA1B21ACCEB0B00106FA9 /* Supporting Files */,
			);
			path = VTToolboxTests;
			sourceTree = "<group>";
		};
		06ADA1B21ACCEB0B00106FA9 /* Supporting Files */ = {
			isa = PBXGroup;
			children = (
				06ADA1B31ACCEB0B00106FA9 /* Info.plist */,
			);
			name = "Supporting Files";
			sourceTree = "<group>";
		};
/* End PBXGroup section */

/* Begin PBXNativeTarget section */
		06ADA1941ACCEB0B00106FA9 /* VTToolbox */ = {
			isa = PBXNativeTarget;
			buildConfigurationList = 06ADA1B81ACCEB0B00106FA9 /* Build configuration list for PBXNativeTarget "VTToolbox" */;
			buildPhases = (
				06ADA1911ACCEB0B00106FA9 /* Sources */,
				06ADA1921ACCEB0B00106FA9 /* Frameworks */,
				06ADA1931ACCEB0B00106FA9 /* Resources */,
			);
			buildRules = (
			);
			dependencies = (
			);
			name = VTToolbox;
			productName = VTToolbox;
			productReference = 06ADA1951ACCEB0B00106FA9 /* VTToolbox.app */;
			productType = "com.apple.product-type.application";
		};
		06ADA1AD1ACCEB0B00106FA9 /* VTToolboxTests */ = {
			isa = PBXNativeTarget;
			buildConfigurationList = 06ADA1BB1ACCEB0B00106FA9 /* Build configuration list for PBXNativeTarget "VTToolboxTests" */;
			buildPhases = (
				06ADA1AA1ACCEB0B00106FA9 /* Sources */,
				06ADA1AB1ACCEB0B00106FA9 /* Frameworks */,
				06ADA1AC1ACCEB0B00106FA9 /* Resources */,
			);
			buildRules = (
			);
			dependencies = (
				06ADA1B01ACCEB0B00106FA9 /* PBXTargetDependency */,
			);
			name = VTToolboxTests;
			productName = VTToolboxTests;
			productReference = 06ADA1AE1ACCEB0B00106FA9 /* VTToolboxTests.xctest */;
			productType = "com.apple.product-type.bundle.unit-test";
		};
/* End PBXNativeTarget section */

/* Begin PBXProject section */
		06ADA18D1ACCEB0B00106FA9 /* Project object */ = {
			isa = PBXProject;
			attributes = {
				LastUpgradeCheck = 0620;
				ORGANIZATIONNAME = "Ganvir, Manish";
				TargetAttributes = {
					06ADA1941ACCEB0B00106FA9 = {
						CreatedOnToolsVersion = 6.2;
					};
					06ADA1AD1ACCEB0B00106FA9 = {
						CreatedOnToolsVersion = 6.2;
						TestTargetID = 06ADA1941ACCEB0B00106FA9;
					};
				};
			};
			buildConfigurationList = 06ADA1901ACCEB0B00106FA9 /* Build configuration list for PBXProject "VTToolbox" */;
			compatibilityVersion = "Xcode 3.2";
			developmentRegion = English;
			hasScannedForEncodings = 0;
			knownRegions = (
				en,
				Base,
			);
			mainGroup = 06ADA18C1ACCEB0B00106FA9;
			productRefGroup = 06ADA1961ACCEB0B00106FA9 /* Products */;
			projectDirPath = "";
			projectRoot = "";
			targets = (
				06ADA1941ACCEB0B00106FA9 /* VTToolbox */,
				06ADA1AD1ACCEB0B00106FA9 /* VTToolboxTests */,
			);
		};
/* End PBXProject section */

/* Begin PBXResourcesBuildPhase section */
		06ADA1931ACCEB0B00106FA9 /* Resources */ = {
			isa = PBXResourcesBuildPhase;
			buildActionMask = 2147483647;
			files = (
				06ADA1A41ACCEB0B00106FA9 /* Main.storyboard in Resources */,
				06ADA1A91ACCEB0B00106FA9 /* LaunchScreen.xib in Resources */,
				06ADA1A61ACCEB0B00106FA9 /* Images.xcassets in Resources */,
			);
			runOnlyForDeploymentPostprocessing = 0;
		};
		06ADA1AC1ACCEB0B00106FA9 /* Resources */ = {
			isa = PBXResourcesBuildPhase;
			buildActionMask = 2147483647;
			files = (
			);
			runOnlyForDeploymentPostprocessing = 0;
		};
/* End PBXResourcesBuildPhase section */

/* Begin PBXSourcesBuildPhase section */
		06ADA1911ACCEB0B00106FA9 /* Sources */ = {
			isa = PBXSourcesBuildPhase;
			buildActionMask = 2147483647;
			files = (
				06ADA1A11ACCEB0B00106FA9 /* ViewController.m in Sources */,
				06ADA19E1ACCEB0B00106FA9 /* AppDelegate.m in Sources */,
				06ADA19B1ACCEB0B00106FA9 /* main.m in Sources */,
				063190BB1ACCEB85002B5EAF /* H264HwEncoderImpl.m in Sources */,
			);
			runOnlyForDeploymentPostprocessing = 0;
		};
		06ADA1AA1ACCEB0B00106FA9 /* Sources */ = {
			isa = PBXSourcesBuildPhase;
			buildActionMask = 2147483647;
			files = (
				06ADA1B51ACCEB0B00106FA9 /* VTToolboxTests.m in Sources */,
			);
			runOnlyForDeploymentPostprocessing = 0;
		};
/* End PBXSourcesBuildPhase section */

/* Begin PBXTargetDependency section */
		06ADA1B01ACCEB0B00106FA9 /* PBXTargetDependency */ = {
			isa = PBXTargetDependency;
			target = 06ADA1941ACCEB0B00106FA9 /* VTToolbox */;
			targetProxy = 06ADA1AF1ACCEB0B00106FA9 /* PBXContainerItemProxy */;
		};
/* End PBXTargetDependency section */

/* Begin PBXVariantGroup section */
		06ADA1A21ACCEB0B00106FA9 /* Main.storyboard */ = {
			isa = PBXVariantGroup;
			children = (
				06ADA1A31ACCEB0B00106FA9 /* Base */,
			);
			name = Main.storyboard;
			sourceTree = "<group>";
		};
		06ADA1A71ACCEB0B00106FA9 /* LaunchScreen.xib */ = {
			isa = PBXVariantGroup;
			children = (
				06ADA1A81ACCEB0B00106FA9 /* Base */,
			);
			name = LaunchScreen.xib;
			sourceTree = "<group>";
		};
/* End PBXVariantGroup section */

/* Begin XCBuildConfiguration section */
		06ADA1B61ACCEB0B00106FA9 /* Debug */ = {
			isa = XCBuildConfiguration;
			buildSettings = {
				ALWAYS_SEARCH_USER_PATHS = NO;
				CLANG_CXX_LANGUAGE_STANDARD = "gnu++0x";
				CLANG_CXX_LIBRARY = "libc++";
				CLANG_ENABLE_MODULES = YES;
				CLANG_ENABLE_OBJC_ARC = YES;
				CLANG_WARN_BOOL_CONVERSION = YES;
				CLANG_WARN_CONSTANT_CONVERSION = YES;
				CLANG_WARN_DIRECT_OBJC_ISA_USAGE = YES_ERROR;
				CLANG_WARN_EMPTY_BODY = YES;
				CLANG_WARN_ENUM_CONVERSION = YES;
				CLANG_WARN_INT_CONVERSION = YES;
				CLANG_WARN_OBJC_ROOT_CLASS = YES_ERROR;
				CLANG_WARN_UNREACHABLE_CODE = YES;
				CLANG_WARN__DUPLICATE_METHOD_MATCH = YES;
				"CODE_SIGN_IDENTITY[sdk=iphoneos*]" = "iPhone Developer";
				COPY_PHASE_STRIP = NO;
				ENABLE_STRICT_OBJC_MSGSEND = YES;
				GCC_C_LANGUAGE_STANDARD = gnu99;
				GCC_DYNAMIC_NO_PIC = NO;
				GCC_OPTIMIZATION_LEVEL = 0;
				GCC_PREPROCESSOR_DEFINITIONS = (
					"DEBUG=1",
					"$(inherited)",
				);
				GCC_SYMBOLS_PRIVATE_EXTERN = NO;
				GCC_WARN_64_TO_32_BIT_CONVERSION = YES;
				GCC_WARN_ABOUT_RETURN_TYPE = YES_ERROR;
				GCC_WARN_UNDECLARED_SELECTOR = YES;
				GCC_WARN_UNINITIALIZED_AUTOS = YES_AGGRESSIVE;
				GCC_WARN_UNUSED_FUNCTION = YES;
				GCC_WARN_UNUSED_VARIABLE = YES;
				IPHONEOS_DEPLOYMENT_TARGET = 8.2;
				MTL_ENABLE_DEBUG_INFO = YES;
				ONLY_ACTIVE_ARCH = YES;
				SDKROOT = iphoneos;
			};
			name = Debug;
		};
		06ADA1B71ACCEB0B00106FA9 /* Release */ = {
			isa = XCBuildConfiguration;
			buildSettings = {
				ALWAYS_SEARCH_USER_PATHS = NO;
				CLANG_CXX_LANGUAGE_STANDARD = "gnu++0x";
				CLANG_CXX_LIBRARY = "libc++";
				CLANG_ENABLE_MODULES = YES;
				CLANG_ENABLE_OBJC_ARC = YES;
				CLANG_WARN_BOOL_CONVERSION = YES;
				CLANG_WARN_CONSTANT_CONVERSION = YES;
				CLANG_WARN_DIRECT_OBJC_ISA_USAGE = YES_ERROR;
				CLANG_WARN_EMPTY_BODY = YES;
				CLANG_WARN_ENUM_CONVERSION = YES;
				CLANG_WARN_INT_CONVERSION = YES;
				CLANG_WARN_OBJC_ROOT_CLASS = YES_ERROR;
				CLANG_WARN_UNREACHABLE_CODE = YES;
				CLANG_WARN__DUPLICATE_METHOD_MATCH = YES;
				"CODE_SIGN_IDENTITY[sdk=iphoneos*]" = "iPhone Developer";
				COPY_PHASE_STRIP = NO;
				ENABLE_NS_ASSERTIONS = NO;
				ENABLE_STRICT_OBJC_MSGSEND = YES;
				GCC_C_LANGUAGE_STANDARD = gnu99;
				GCC_WARN_64_TO_32_BIT_CONVERSION = YES;
				GCC_WARN_ABOUT_RETURN_TYPE = YES_ERROR;
				GCC_WARN_UNDECLARED_SELECTOR = YES;
				GCC_WARN_UNINITIALIZED_AUTOS = YES_AGGRESSIVE;
				GCC_WARN_UNUSED_FUNCTION = YES;
				GCC_WARN_UNUSED_VARIABLE = YES;
				IPHONEOS_DEPLOYMENT_TARGET = 8.2;
				MTL_ENABLE_DEBUG_INFO = NO;
				SDKROOT = iphoneos;
				VALIDATE_PRODUCT = YES;
			};
			name = Release;
		};
		06ADA1B91ACCEB0B00106FA9 /* Debug */ = {
			isa = XCBuildConfiguration;
			buildSettings = {
				ASSETCATALOG_COMPILER_APPICON_NAME = AppIcon;
				INFOPLIST_FILE = VTToolbox/Info.plist;
				LD_RUNPATH_SEARCH_PATHS = "$(inherited) @executable_path/Frameworks";
				PRODUCT_NAME = "$(TARGET_NAME)";
			};
			name = Debug;
		};
		06ADA1BA1ACCEB0B00106FA9 /* Release */ = {
			isa = XCBuildConfiguration;
			buildSettings = {
				ASSETCATALOG_COMPILER_APPICON_NAME = AppIcon;
				INFOPLIST_FILE = VTToolbox/Info.plist;
				LD_RUNPATH_SEARCH_PATHS = "$(inherited) @executable_path/Frameworks";
				PRODUCT_NAME = "$(TARGET_NAME)";
			};
			name = Release;
		};
		06ADA1BC1ACCEB0B00106FA9 /* Debug */ = {
			isa = XCBuildConfiguration;
			buildSettings = {
				BUNDLE_LOADER = "$(TEST_HOST)";
				FRAMEWORK_SEARCH_PATHS = (
					"$(SDKROOT)/Developer/Library/Frameworks",
					"$(inherited)",
				);
				GCC_PREPROCESSOR_DEFINITIONS = (
					"DEBUG=1",
					"$(inherited)",
				);
				INFOPLIST_FILE = VTToolboxTests/Info.plist;
				LD_RUNPATH_SEARCH_PATHS = "$(inherited) @executable_path/Frameworks @loader_path/Frameworks";
				PRODUCT_NAME = "$(TARGET_NAME)";
				TEST_HOST = "$(BUILT_PRODUCTS_DIR)/VTToolbox.app/VTToolbox";
			};
			name = Debug;
		};
		06ADA1BD1ACCEB0B00106FA9 /* Release */ = {
			isa = XCBuildConfiguration;
			buildSettings = {
				BUNDLE_LOADER = "$(TEST_HOST)";
				FRAMEWORK_SEARCH_PATHS = (
					"$(SDKROOT)/Developer/Library/Frameworks",
					"$(inherited)",
				);
				INFOPLIST_FILE = VTToolboxTests/Info.plist;
				LD_RUNPATH_SEARCH_PATHS = "$(inherited) @executable_path/Frameworks @loader_path/Frameworks";
				PRODUCT_NAME = "$(TARGET_NAME)";
				TEST_HOST = "$(BUILT_PRODUCTS_DIR)/VTToolbox.app/VTToolbox";
			};
			name = Release;
		};
/* End XCBuildConfiguration section */

/* Begin XCConfigurationList section */
		06ADA1901ACCEB0B00106FA9 /* Build configuration list for PBXProject "VTToolbox" */ = {
			isa = XCConfigurationList;
			buildConfigurations = (
				06ADA1B61ACCEB0B00106FA9 /* Debug */,
				06ADA1B71ACCEB0B00106FA9 /* Release */,
			);
			defaultConfigurationIsVisible = 0;
			defaultConfigurationName = Release;
		};
		06ADA1B81ACCEB0B00106FA9 /* Build configuration list for PBXNativeTarget "VTToolbox" */ = {
			isa = XCConfigurationList;
			buildConfigurations = (
				06ADA1B91ACCEB0B00106FA9 /* Debug */,
				06ADA1BA1ACCEB0B00106FA9 /* Release */,
			);
			defaultConfigurationIsVisible = 0;
			defaultConfigurationName = Release;
		};
		06ADA1BB1ACCEB0B00106FA9 /* Build configuration list for PBXNativeTarget "VTToolboxTests" */ = {
			isa = XCConfigurationList;
			buildConfigurations = (
				06ADA1BC1ACCEB0B00106FA9 /* Debug */,
				06ADA1BD1ACCEB0B00106FA9 /* Release */,
			);
			defaultConfigurationIsVisible = 0;
			defaultConfigurationName = Release;
		};
/* End XCConfigurationList section */
	};
	rootObject = 06ADA18D1ACCEB0B00106FA9 /* Project object */;
}
